<?xml version="1.0" encoding="utf-8"?>
<Project ToolsVersion="4.0" xmlns="http://schemas.microsoft.com/developer/msbuild/2003">
  <ItemGroup>
    <Filter Include="nvse">
      <UniqueIdentifier>{aaf5e4e0-c48a-4492-81b0-ab025f6ce945}</UniqueIdentifier>
    </Filter>
    <Filter Include="internal">
      <UniqueIdentifier>{0d818afa-0a2d-4390-8e7e-41d01af54981}</UniqueIdentifier>
    </Filter>
    <Filter Include="internal\Game">
      <UniqueIdentifier>{7dde9514-90f9-4aaa-ab1f-549b7a0ce0b4}</UniqueIdentifier>
    </Filter>
    <Filter Include="internal\Game\Bethesda">
      <UniqueIdentifier>{b3488f01-2370-4aaa-b261-54449ae55e33}</UniqueIdentifier>
    </Filter>
    <Filter Include="internal\Game\Gamebryo">
      <UniqueIdentifier>{e27fa173-f182-486f-b772-abf77c4c5f55}</UniqueIdentifier>
    </Filter>
    <Filter Include="internal\Patches">
      <UniqueIdentifier>{6e17ebbe-e258-43ff-a2a9-45376aab9efa}</UniqueIdentifier>
    </Filter>
    <Filter Include="shared">
      <UniqueIdentifier>{63b686cf-40e1-4228-acc4-4095f355e584}</UniqueIdentifier>
    </Filter>
  </ItemGroup>
  <ItemGroup>
    <ClCompile Include="main.cpp" />
    <ClCompile Include="..\shared\SafeWrite\SafeWrite.cpp">
      <Filter>shared</Filter>
    </ClCompile>
    <ClCompile Include="internal\Game\Bethesda\BGSSaveLoadGame.cpp">
      <Filter>internal\Game\Bethesda</Filter>
    </ClCompile>
    <ClCompile Include="internal\Game\Bethesda\TimeGlobal.cpp">
      <Filter>internal\Game\Bethesda</Filter>
    </ClCompile>
    <ClCompile Include="internal\Game\Bethesda\bhkWorld.cpp">
      <Filter>internal\Game\Bethesda</Filter>
    </ClCompile>
    <ClCompile Include="internal\Game\Bethesda\StartMenu.cpp">
      <Filter>internal\Game\Bethesda</Filter>
    </ClCompile>
    <ClCompile Include="internal\Game\Bethesda\Interface.cpp">
      <Filter>internal\Game\Bethesda</Filter>
    </ClCompile>
    <ClCompile Include="internal\Game\Bethesda\TESMain.cpp">
      <Filter>internal\Game\Bethesda</Filter>
    </ClCompile>
    <ClCompile Include="internal\Game\Bethesda\BSTimer.cpp">
      <Filter>internal\Game\Bethesda</Filter>
    </ClCompile>
    <ClCompile Include="internal\Game\Gamebryo\NiDX9Renderer.cpp">
      <Filter>internal\Game\Gamebryo</Filter>
    </ClCompile>
    <ClCompile Include="internal\ThreadingTweaks.cpp">
      <Filter>internal\Patches</Filter>
    </ClCompile>
    <ClCompile Include="internal\TickFix.cpp">
      <Filter>internal\Patches</Filter>
    </ClCompile>
    <ClCompile Include="internal\D3DHooks.cpp">
      <Filter>internal\Patches</Filter>
    </ClCompile>
    <ClCompile Include="internal\FastExit.cpp">
      <Filter>internal\Patches</Filter>
    </ClCompile>
    <ClCompile Include="internal\HashTables.cpp">
      <Filter>internal\Patches</Filter>
    </ClCompile>
    <ClCompile Include="internal\INIUtils.cpp">
      <Filter>internal</Filter>
    </ClCompile>
    <ClCompile Include="internal\GeometryPrecacheQueue.cpp">
      <Filter>internal\Patches</Filter>
    </ClCompile>
    <ClCompile Include="internal\Game\Gamebryo\NiRenderer.cpp">
      <Filter>internal\Game\Gamebryo</Filter>
    </ClCompile>
  </ItemGroup>
  <ItemGroup>
    <ClInclude Include="..\nvse\nvse_version.h">
      <Filter>nvse</Filter>
    </ClInclude>
    <ClInclude Include="..\nvse\PluginAPI.h">
      <Filter>nvse</Filter>
    </ClInclude>
    <ClInclude Include="..\shared\Defines.hpp">
      <Filter>shared</Filter>
    </ClInclude>
    <ClInclude Include="..\shared\SafeWrite\SafeWrite.hpp">
      <Filter>shared</Filter>
    </ClInclude>
    <ClInclude Include="internal\Game\Bethesda\BGSSaveLoadGame.hpp">
      <Filter>internal\Game\Bethesda</Filter>
    </ClInclude>
    <ClInclude Include="internal\Game\Bethesda\TimeGlobal.hpp">
      <Filter>internal\Game\Bethesda</Filter>
    </ClInclude>
    <ClInclude Include="internal\Game\Bethesda\bhkWorld.hpp">
      <Filter>internal\Game\Bethesda</Filter>
    </ClInclude>
    <ClInclude Include="internal\Game\Bethesda\StartMenu.hpp">
      <Filter>internal\Game\Bethesda</Filter>
    </ClInclude>
    <ClInclude Include="internal\Game\Bethesda\Interface.hpp">
      <Filter>internal\Game\Bethesda</Filter>
    </ClInclude>
    <ClInclude Include="internal\Game\Bethesda\TESMain.hpp">
      <Filter>internal\Game\Bethesda</Filter>
    </ClInclude>
    <ClInclude Include="internal\Game\Bethesda\BSTimer.hpp">
      <Filter>internal\Game\Bethesda</Filter>
    </ClInclude>
    <ClInclude Include="internal\Game\Gamebryo\NiDX9Renderer.hpp">
      <Filter>internal\Game\Gamebryo</Filter>
    </ClInclude>
    <ClInclude Include="internal\INIUtils.hpp">
      <Filter>internal</Filter>
    </ClInclude>
    <ClInclude Include="internal\ThreadingTweaks.hpp">
      <Filter>internal\Patches</Filter>
    </ClInclude>
    <ClInclude Include="internal\TickFix.hpp">
      <Filter>internal\Patches</Filter>
    </ClInclude>
    <ClInclude Include="internal\HashTables.hpp">
      <Filter>internal\Patches</Filter>
    </ClInclude>
    <ClInclude Include="internal\D3DHooks.hpp">
      <Filter>internal\Patches</Filter>
    </ClInclude>
    <ClInclude Include="internal\FastExit.hpp">
      <Filter>internal\Patches</Filter>
    </ClInclude>
    <ClInclude Include="internal\GeometryPrecacheQueue.hpp">
      <Filter>internal\Patches</Filter>
    </ClInclude>
    <ClInclude Include="internal\Game\Gamebryo\NiSmartPointer.hpp">
      <Filter>internal\Game\Gamebryo</Filter>
    </ClInclude>
    <ClInclude Include="internal\Game\Gamebryo\NiRenderer.hpp">
      <Filter>internal\Game\Gamebryo</Filter>
    </ClInclude>
    <ClInclude Include="internal\Game\Gamebryo\NiCriticalSection.hpp">
      <Filter>internal\Game\Gamebryo</Filter>
    </ClInclude>
    <ClInclude Include="internal\Game\Gamebryo\NiRefObject.hpp">
      <Filter>internal\Game\Gamebryo</Filter>
    </ClInclude>
  </ItemGroup>
  <ItemGroup>
    <None Include="packages.config" />
  </ItemGroup>
</Project>